
Microsoft Visual Studio Solution File, Format Version 12.00
# Visual Studio Version 16
VisualStudioVersion = 16.0.32630.194
MinimumVisualStudioVersion = 10.0.40219.1
Project("{FAE04EC0-301F-11D3-BF4B-00C04F79EFBC}") = "BaseLab2", "BaseLab2\BaseLab2.csproj", "{BE20B993-46D0-40C2-A969-A7CC0408CE47}"
EndProject
Global
	GlobalSection(SolutionConfigurationPlatforms) = preSolution
		Debug|Any CPU = Debug|Any CPU
		Release|Any CPU = Release|Any CPU
	EndGlobalSection
	GlobalSection(ProjectConfigurationPlatforms) = postSolution
		{BE20B993-46D0-40C2-A969-A7CC0408CE47}.Debug|Any CPU.ActiveCfg = Debug|Any CPU
		{BE20B993-46D0-40C2-A969-A7CC0408CE47}.Debug|Any CPU.Build.0 = Debug|Any CPU
		{BE20B993-46D0-40C2-A969-A7CC0408CE47}.Release|Any CPU.ActiveCfg = Release|Any CPU
		{BE20B993-46D0-40C2-A969-A7CC0408CE47}.Release|Any CPU.Build.0 = Release|Any CPU
	EndGlobalSection
	GlobalSection(SolutionProperties) = preSolution
		HideSolutionNode = FALSE
	EndGlobalSection
	GlobalSection(ExtensibilityGlobals) = postSolution
		SolutionGuid = {FE23C0F6-3DA5-45C2-BD80-F1EE3015DE1A}
	EndGlobalSection
EndGlobal
